
Microsoft Visual Studio Solution File, Format Version 12.00
# Visual Studio 15
VisualStudioVersion = 15.0.26430.4
MinimumVisualStudioVersion = 10.0.40219.1
Project("{FAE04EC0-301F-11D3-BF4B-00C04F79EFBC}") = "WSLSessionManager", "WSLSessionManager\WSLSessionManager.csproj", "{C3912168-D358-455E-9EF5-8AF8C4A87BD2}"
EndProject
Project("{2150E333-8FDC-42A3-9474-1A3956D46DE8}") = "Solution Items", "Solution Items", "{38FC2B09-1E14-4AAF-8A82-8AD0B97EB457}"
	ProjectSection(SolutionItems) = preProject
		.editorconfig = .editorconfig
	EndProjectSection
EndProject
Global
	GlobalSection(SolutionConfigurationPlatforms) = preSolution
		Debug|Any CPU = Debug|Any CPU
		Release|Any CPU = Release|Any CPU
	EndGlobalSection
	GlobalSection(ProjectConfigurationPlatforms) = postSolution
		{C3912168-D358-455E-9EF5-8AF8C4A87BD2}.Debug|Any CPU.ActiveCfg = Debug|Any CPU
		{C3912168-D358-455E-9EF5-8AF8C4A87BD2}.Debug|Any CPU.Build.0 = Debug|Any CPU
		{C3912168-D358-455E-9EF5-8AF8C4A87BD2}.Release|Any CPU.ActiveCfg = Release|Any CPU
		{C3912168-D358-455E-9EF5-8AF8C4A87BD2}.Release|Any CPU.Build.0 = Release|Any CPU
	EndGlobalSection
	GlobalSection(SolutionProperties) = preSolution
		HideSolutionNode = FALSE
	EndGlobalSection
EndGlobal
